{
  "name": "wiz-sensor-action",
  "version": "0.0.0",
  "lockfileVersion": 3,
  "requires": true,
  "packages": {
    "": {
      "name": "wiz-sensor-action",
      "version": "0.0.0",
      "devDependencies": {
        "@vercel/ncc": "^0.44.0"
      }
    },
    "node_modules/@vercel/ncc": {
      "version": "0.44.0",
      "resolved": "https://registry.npmjs.org/@vercel/ncc/-/ncc-0.44.0.tgz",
      "integrity": "sha512-pHyI+bZokSgIscTKFSmpNk5vZzmOrb9RW0Vu4SRyqUvkJ0kgg3PzaZLLDVTFXhbUiCqg0/Eu8L4fKtgViA92kg==",
      "dev": true,
      "license": "MIT",
      "bin": {
        "ncc": "dist/ncc/cli.js"
      }
    }
  }
}
