{
  "name": "wiz-sensor-action",
  "version": "0.0.0",
  "lockfileVersion": 3,
  "requires": true,
  "packages": {
    "": {
      "name": "wiz-sensor-action",
      "version": "0.0.0",
      "devDependencies": {
        "@vercel/ncc": "^0.44.1"
      }
    },
    "node_modules/@vercel/ncc": {
      "version": "0.44.1",
      "resolved": "https://registry.npmjs.org/@vercel/ncc/-/ncc-0.44.1.tgz",
      "integrity": "sha512-cUjIE5P2YY1n+Kt9rFIazMMpGoPn1Fic04rOmTkElMkiDP5oszGfERMpo2shVkFKDL7rVppdM2pqJKC59shQWQ==",
      "dev": true,
      "license": "MIT",
      "bin": {
        "ncc": "dist/ncc/cli.js"
      }
    }
  }
}
